{
  "name": "nostr-relay-sync",
  "version": "0.0.1",
  "lockfileVersion": 3,
  "requires": true,
  "packages": {
    "": {
      "name": "nostr-relay-sync",
      "version": "0.0.1",
      "license": "MIT",
      "dependencies": {
        "nostr-fetch-root": "github:jiftechnify/nostr-fetch"
      }
    },
    "node_modules/nostr-fetch-root": {
      "version": "0.0.0",
      "resolved": "git+ssh://git@github.com/jiftechnify/nostr-fetch.git#1a616d004a46307c4fb78f51fbfa223405100217",
      "license": "MIT",
      "workspaces": [
        "packages/nostr-fetch",
        "packages/@nostr-fetch/*"
      ]
    }
  }
}
